// !$*UTF8*$!
{
	archiveVersion = 1;
	classes = {
	};
	objectVersion = 46;
	objects = {

/* Begin PBXBuildFile section */
		B1B1143C92DDEDDB6A5A910C /* libPods.a in Frameworks */ = {isa = PBXBuildFile; fileRef = 8121861B58AFA33F2524A4C7 /* libPods.a */; };
		F71821761B31924800A46D19 /* NavViewController.m in Sources */ = {isa = PBXBuildFile; fileRef = F71821741B31924800A46D19 /* NavViewController.m */; };
		F71821771B31924800A46D19 /* NavViewController.xib in Resources */ = {isa = PBXBuildFile; fileRef = F71821751B31924800A46D19 /* NavViewController.xib */; };
		F7C8FDED1B2FE9C50053F72D /* main.m in Sources */ = {isa = PBXBuildFile; fileRef = F7C8FDEC1B2FE9C50053F72D /* main.m */; };
		F7C8FDF01B2FE9C50053F72D /* AppDelegate.m in Sources */ = {isa = PBXBuildFile; fileRef = F7C8FDEF1B2FE9C50053F72D /* AppDelegate.m */; };
		F7C8FDF31B2FE9C50053F72D /* ViewController.m in Sources */ = {isa = PBXBuildFile; fileRef = F7C8FDF21B2FE9C50053F72D /* ViewController.m */; };
		F7C8FDF61B2FE9C50053F72D /* Main.storyboard in Resources */ = {isa = PBXBuildFile; fileRef = F7C8FDF41B2FE9C50053F72D /* Main.storyboard */; };
		F7C8FDF81B2FE9C50053F72D /* Images.xcassets in Resources */ = {isa = PBXBuildFile; fileRef = F7C8FDF71B2FE9C50053F72D /* Images.xcassets */; };
		F7C8FDFB1B2FE9C50053F72D /* LaunchScreen.xib in Resources */ = {isa = PBXBuildFile; fileRef = F7C8FDF91B2FE9C50053F72D /* LaunchScreen.xib */; };
		F7C8FE071B2FE9C50053F72D /* iOSTranningMobileJujutsuProgramWeek1Tests.m in Sources */ = {isa = PBXBuildFile; fileRef = F7C8FE061B2FE9C50053F72D /* iOSTranningMobileJujutsuProgramWeek1Tests.m */; };
		F7C8FE1B1B2FEE900053F72D /* MovieApiClient.m in Sources */ = {isa = PBXBuildFile; fileRef = F7C8FE1A1B2FEE900053F72D /* MovieApiClient.m */; };
		F7C8FE221B2FEFC50053F72D /* MovieListViewController.m in Sources */ = {isa = PBXBuildFile; fileRef = F7C8FE201B2FEFC50053F72D /* MovieListViewController.m */; };
		F7C8FE231B2FEFC50053F72D /* MovieListViewController.xib in Resources */ = {isa = PBXBuildFile; fileRef = F7C8FE211B2FEFC50053F72D /* MovieListViewController.xib */; };
		F7C8FE261B300F100053F72D /* MovieListJSONModel.m in Sources */ = {isa = PBXBuildFile; fileRef = F7C8FE251B300F100053F72D /* MovieListJSONModel.m */; };
		F7C8FE291B300F8A0053F72D /* MovieJSONModel.m in Sources */ = {isa = PBXBuildFile; fileRef = F7C8FE281B300F8A0053F72D /* MovieJSONModel.m */; };
		F7C8FE2C1B3010720053F72D /* LinkJSONModel.m in Sources */ = {isa = PBXBuildFile; fileRef = F7C8FE2B1B3010720053F72D /* LinkJSONModel.m */; };
		F7C8FE2F1B3033F50053F72D /* AbridgedCastJSONModel.m in Sources */ = {isa = PBXBuildFile; fileRef = F7C8FE2E1B3033F50053F72D /* AbridgedCastJSONModel.m */; };
		F7C8FE321B3034740053F72D /* PostersJSONModel.m in Sources */ = {isa = PBXBuildFile; fileRef = F7C8FE311B3034740053F72D /* PostersJSONModel.m */; };
		F7C8FE381B3035150053F72D /* ReleaseDatesJSONModel.m in Sources */ = {isa = PBXBuildFile; fileRef = F7C8FE371B3035150053F72D /* ReleaseDatesJSONModel.m */; };
		F7C8FE3B1B3035C80053F72D /* RatingsJSONModel.m in Sources */ = {isa = PBXBuildFile; fileRef = F7C8FE3A1B3035C80053F72D /* RatingsJSONModel.m */; };
		F7C8FE421B303E260053F72D /* AlternateIdsJSONModel.m in Sources */ = {isa = PBXBuildFile; fileRef = F7C8FE411B303E260053F72D /* AlternateIdsJSONModel.m */; };
		F7C8FE491B30451B0053F72D /* MovieListViewCell.m in Sources */ = {isa = PBXBuildFile; fileRef = F7C8FE471B30451B0053F72D /* MovieListViewCell.m */; };
		F7C8FE4A1B30451B0053F72D /* MovieListViewCell.xib in Resources */ = {isa = PBXBuildFile; fileRef = F7C8FE481B30451B0053F72D /* MovieListViewCell.xib */; };
		F7C8FE521B3049CF0053F72D /* CalculatorHelper.m in Sources */ = {isa = PBXBuildFile; fileRef = F7C8FE511B3049CF0053F72D /* CalculatorHelper.m */; };
		F7C8FE551B3049E70053F72D /* NibSizeCalculator.m in Sources */ = {isa = PBXBuildFile; fileRef = F7C8FE541B3049E70053F72D /* NibSizeCalculator.m */; };
		F7C8FE581B304A210053F72D /* BaseViewController.m in Sources */ = {isa = PBXBuildFile; fileRef = F7C8FE571B304A210053F72D /* BaseViewController.m */; };
		F7C8FE5B1B305B750053F72D /* MovieListDataStore.m in Sources */ = {isa = PBXBuildFile; fileRef = F7C8FE5A1B305B750053F72D /* MovieListDataStore.m */; };
		F7C8FE5F1B306B8D0053F72D /* MovieDetailViewController.m in Sources */ = {isa = PBXBuildFile; fileRef = F7C8FE5D1B306B8D0053F72D /* MovieDetailViewController.m */; };
		F7C8FE601B306B8D0053F72D /* MovieDetailViewController.xib in Resources */ = {isa = PBXBuildFile; fileRef = F7C8FE5E1B306B8D0053F72D /* MovieDetailViewController.xib */; };
/* End PBXBuildFile section */

/* Begin PBXContainerItemProxy section */
		F7C8FE011B2FE9C50053F72D /* PBXContainerItemProxy */ = {
			isa = PBXContainerItemProxy;
			containerPortal = F7C8FDDF1B2FE9C50053F72D /* Project object */;
			proxyType = 1;
			remoteGlobalIDString = F7C8FDE61B2FE9C50053F72D;
			remoteInfo = iOSTranningMobileJujutsuProgramWeek1;
		};
/* End PBXContainerItemProxy section */

/* Begin PBXFileReference section */
		059259CCEA005060B35AEBF5 /* Pods.release.xcconfig */ = {isa = PBXFileReference; includeInIndex = 1; lastKnownFileType = text.xcconfig; name = Pods.release.xcconfig; path = "Pods/Target Support Files/Pods/Pods.release.xcconfig"; sourceTree = "<group>"; };
		5ACE95A091347A226FA35340 /* Pods.debug.xcconfig */ = {isa = PBXFileReference; includeInIndex = 1; lastKnownFileType = text.xcconfig; name = Pods.debug.xcconfig; path = "Pods/Target Support Files/Pods/Pods.debug.xcconfig"; sourceTree = "<group>"; };
		8121861B58AFA33F2524A4C7 /* libPods.a */ = {isa = PBXFileReference; explicitFileType = archive.ar; includeInIndex = 0; path = libPods.a; sourceTree = BUILT_PRODUCTS_DIR; };
		F71821731B31924800A46D19 /* NavViewController.h */ = {isa = PBXFileReference; fileEncoding = 4; lastKnownFileType = sourcecode.c.h; path = NavViewController.h; sourceTree = "<group>"; };
		F71821741B31924800A46D19 /* NavViewController.m */ = {isa = PBXFileReference; fileEncoding = 4; lastKnownFileType = sourcecode.c.objc; path = NavViewController.m; sourceTree = "<group>"; };
		F71821751B31924800A46D19 /* NavViewController.xib */ = {isa = PBXFileReference; fileEncoding = 4; lastKnownFileType = file.xib; path = NavViewController.xib; sourceTree = "<group>"; };
		F7C8FDE71B2FE9C50053F72D /* iOSTranningMobileJujutsuProgramWeek1.app */ = {isa = PBXFileReference; explicitFileType = wrapper.application; includeInIndex = 0; path = iOSTranningMobileJujutsuProgramWeek1.app; sourceTree = BUILT_PRODUCTS_DIR; };
		F7C8FDEB1B2FE9C50053F72D /* Info.plist */ = {isa = PBXFileReference; lastKnownFileType = text.plist.xml; path = Info.plist; sourceTree = "<group>"; };
		F7C8FDEC1B2FE9C50053F72D /* main.m */ = {isa = PBXFileReference; lastKnownFileType = sourcecode.c.objc; path = main.m; sourceTree = "<group>"; };
		F7C8FDEE1B2FE9C50053F72D /* AppDelegate.h */ = {isa = PBXFileReference; lastKnownFileType = sourcecode.c.h; path = AppDelegate.h; sourceTree = "<group>"; };
		F7C8FDEF1B2FE9C50053F72D /* AppDelegate.m */ = {isa = PBXFileReference; lastKnownFileType = sourcecode.c.objc; path = AppDelegate.m; sourceTree = "<group>"; };
		F7C8FDF11B2FE9C50053F72D /* ViewController.h */ = {isa = PBXFileReference; lastKnownFileType = sourcecode.c.h; path = ViewController.h; sourceTree = "<group>"; };
		F7C8FDF21B2FE9C50053F72D /* ViewController.m */ = {isa = PBXFileReference; lastKnownFileType = sourcecode.c.objc; path = ViewController.m; sourceTree = "<group>"; };
		F7C8FDF51B2FE9C50053F72D /* Base */ = {isa = PBXFileReference; lastKnownFileType = file.storyboard; name = Base; path = Base.lproj/Main.storyboard; sourceTree = "<group>"; };
		F7C8FDF71B2FE9C50053F72D /* Images.xcassets */ = {isa = PBXFileReference; lastKnownFileType = folder.assetcatalog; path = Images.xcassets; sourceTree = "<group>"; };
		F7C8FDFA1B2FE9C50053F72D /* Base */ = {isa = PBXFileReference; lastKnownFileType = file.xib; name = Base; path = Base.lproj/LaunchScreen.xib; sourceTree = "<group>"; };
		F7C8FE001B2FE9C50053F72D /* iOSTranningMobileJujutsuProgramWeek1Tests.xctest */ = {isa = PBXFileReference; explicitFileType = wrapper.cfbundle; includeInIndex = 0; path = iOSTranningMobileJujutsuProgramWeek1Tests.xctest; sourceTree = BUILT_PRODUCTS_DIR; };
		F7C8FE051B2FE9C50053F72D /* Info.plist */ = {isa = PBXFileReference; lastKnownFileType = text.plist.xml; path = Info.plist; sourceTree = "<group>"; };
		F7C8FE061B2FE9C50053F72D /* iOSTranningMobileJujutsuProgramWeek1Tests.m */ = {isa = PBXFileReference; lastKnownFileType = sourcecode.c.objc; path = iOSTranningMobileJujutsuProgramWeek1Tests.m; sourceTree = "<group>"; };
		F7C8FE191B2FEE900053F72D /* MovieApiClient.h */ = {isa = PBXFileReference; fileEncoding = 4; lastKnownFileType = sourcecode.c.h; path = MovieApiClient.h; sourceTree = "<group>"; };
		F7C8FE1A1B2FEE900053F72D /* MovieApiClient.m */ = {isa = PBXFileReference; fileEncoding = 4; lastKnownFileType = sourcecode.c.objc; path = MovieApiClient.m; sourceTree = "<group>"; };
		F7C8FE1F1B2FEFC50053F72D /* MovieListViewController.h */ = {isa = PBXFileReference; fileEncoding = 4; lastKnownFileType = sourcecode.c.h; path = MovieListViewController.h; sourceTree = "<group>"; };
		F7C8FE201B2FEFC50053F72D /* MovieListViewController.m */ = {isa = PBXFileReference; fileEncoding = 4; lastKnownFileType = sourcecode.c.objc; path = MovieListViewController.m; sourceTree = "<group>"; };
		F7C8FE211B2FEFC50053F72D /* MovieListViewController.xib */ = {isa = PBXFileReference; fileEncoding = 4; lastKnownFileType = file.xib; path = MovieListViewController.xib; sourceTree = "<group>"; };
		F7C8FE241B300F100053F72D /* MovieListJSONModel.h */ = {isa = PBXFileReference; fileEncoding = 4; lastKnownFileType = sourcecode.c.h; path = MovieListJSONModel.h; sourceTree = "<group>"; };
		F7C8FE251B300F100053F72D /* MovieListJSONModel.m */ = {isa = PBXFileReference; fileEncoding = 4; lastKnownFileType = sourcecode.c.objc; path = MovieListJSONModel.m; sourceTree = "<group>"; };
		F7C8FE271B300F8A0053F72D /* MovieJSONModel.h */ = {isa = PBXFileReference; fileEncoding = 4; lastKnownFileType = sourcecode.c.h; path = MovieJSONModel.h; sourceTree = "<group>"; };
		F7C8FE281B300F8A0053F72D /* MovieJSONModel.m */ = {isa = PBXFileReference; fileEncoding = 4; lastKnownFileType = sourcecode.c.objc; path = MovieJSONModel.m; sourceTree = "<group>"; };
		F7C8FE2A1B3010720053F72D /* LinkJSONModel.h */ = {isa = PBXFileReference; fileEncoding = 4; lastKnownFileType = sourcecode.c.h; path = LinkJSONModel.h; sourceTree = "<group>"; };
		F7C8FE2B1B3010720053F72D /* LinkJSONModel.m */ = {isa = PBXFileReference; fileEncoding = 4; lastKnownFileType = sourcecode.c.objc; path = LinkJSONModel.m; sourceTree = "<group>"; };
		F7C8FE2D1B3033F50053F72D /* AbridgedCastJSONModel.h */ = {isa = PBXFileReference; fileEncoding = 4; lastKnownFileType = sourcecode.c.h; path = AbridgedCastJSONModel.h; sourceTree = "<group>"; };
		F7C8FE2E1B3033F50053F72D /* AbridgedCastJSONModel.m */ = {isa = PBXFileReference; fileEncoding = 4; lastKnownFileType = sourcecode.c.objc; path = AbridgedCastJSONModel.m; sourceTree = "<group>"; };
		F7C8FE301B3034740053F72D /* PostersJSONModel.h */ = {isa = PBXFileReference; fileEncoding = 4; lastKnownFileType = sourcecode.c.h; path = PostersJSONModel.h; sourceTree = "<group>"; };
		F7C8FE311B3034740053F72D /* PostersJSONModel.m */ = {isa = PBXFileReference; fileEncoding = 4; lastKnownFileType = sourcecode.c.objc; path = PostersJSONModel.m; sourceTree = "<group>"; };
		F7C8FE361B3035150053F72D /* ReleaseDatesJSONModel.h */ = {isa = PBXFileReference; fileEncoding = 4; lastKnownFileType = sourcecode.c.h; path = ReleaseDatesJSONModel.h; sourceTree = "<group>"; };
		F7C8FE371B3035150053F72D /* ReleaseDatesJSONModel.m */ = {isa = PBXFileReference; fileEncoding = 4; lastKnownFileType = sourcecode.c.objc; path = ReleaseDatesJSONModel.m; sourceTree = "<group>"; };
		F7C8FE391B3035C80053F72D /* RatingsJSONModel.h */ = {isa = PBXFileReference; fileEncoding = 4; lastKnownFileType = sourcecode.c.h; path = RatingsJSONModel.h; sourceTree = "<group>"; };
		F7C8FE3A1B3035C80053F72D /* RatingsJSONModel.m */ = {isa = PBXFileReference; fileEncoding = 4; lastKnownFileType = sourcecode.c.objc; path = RatingsJSONModel.m; sourceTree = "<group>"; };
		F7C8FE401B303E260053F72D /* AlternateIdsJSONModel.h */ = {isa = PBXFileReference; fileEncoding = 4; lastKnownFileType = sourcecode.c.h; path = AlternateIdsJSONModel.h; sourceTree = "<group>"; };
		F7C8FE411B303E260053F72D /* AlternateIdsJSONModel.m */ = {isa = PBXFileReference; fileEncoding = 4; lastKnownFileType = sourcecode.c.objc; path = AlternateIdsJSONModel.m; sourceTree = "<group>"; };
		F7C8FE461B30451B0053F72D /* MovieListViewCell.h */ = {isa = PBXFileReference; fileEncoding = 4; lastKnownFileType = sourcecode.c.h; path = MovieListViewCell.h; sourceTree = "<group>"; };
		F7C8FE471B30451B0053F72D /* MovieListViewCell.m */ = {isa = PBXFileReference; fileEncoding = 4; lastKnownFileType = sourcecode.c.objc; path = MovieListViewCell.m; sourceTree = "<group>"; };
		F7C8FE481B30451B0053F72D /* MovieListViewCell.xib */ = {isa = PBXFileReference; fileEncoding = 4; lastKnownFileType = file.xib; path = MovieListViewCell.xib; sourceTree = "<group>"; };
		F7C8FE501B3049CF0053F72D /* CalculatorHelper.h */ = {isa = PBXFileReference; fileEncoding = 4; lastKnownFileType = sourcecode.c.h; path = CalculatorHelper.h; sourceTree = "<group>"; };
		F7C8FE511B3049CF0053F72D /* CalculatorHelper.m */ = {isa = PBXFileReference; fileEncoding = 4; lastKnownFileType = sourcecode.c.objc; path = CalculatorHelper.m; sourceTree = "<group>"; };
		F7C8FE531B3049E70053F72D /* NibSizeCalculator.h */ = {isa = PBXFileReference; fileEncoding = 4; lastKnownFileType = sourcecode.c.h; path = NibSizeCalculator.h; sourceTree = "<group>"; };
		F7C8FE541B3049E70053F72D /* NibSizeCalculator.m */ = {isa = PBXFileReference; fileEncoding = 4; lastKnownFileType = sourcecode.c.objc; path = NibSizeCalculator.m; sourceTree = "<group>"; };
		F7C8FE561B304A210053F72D /* BaseViewController.h */ = {isa = PBXFileReference; fileEncoding = 4; lastKnownFileType = sourcecode.c.h; path = BaseViewController.h; sourceTree = "<group>"; };
		F7C8FE571B304A210053F72D /* BaseViewController.m */ = {isa = PBXFileReference; fileEncoding = 4; lastKnownFileType = sourcecode.c.objc; path = BaseViewController.m; sourceTree = "<group>"; };
		F7C8FE591B305B750053F72D /* MovieListDataStore.h */ = {isa = PBXFileReference; fileEncoding = 4; lastKnownFileType = sourcecode.c.h; path = MovieListDataStore.h; sourceTree = "<group>"; };
		F7C8FE5A1B305B750053F72D /* MovieListDataStore.m */ = {isa = PBXFileReference; fileEncoding = 4; lastKnownFileType = sourcecode.c.objc; path = MovieListDataStore.m; sourceTree = "<group>"; };
		F7C8FE5C1B306B8D0053F72D /* MovieDetailViewController.h */ = {isa = PBXFileReference; fileEncoding = 4; lastKnownFileType = sourcecode.c.h; path = MovieDetailViewController.h; sourceTree = "<group>"; };
		F7C8FE5D1B306B8D0053F72D /* MovieDetailViewController.m */ = {isa = PBXFileReference; fileEncoding = 4; lastKnownFileType = sourcecode.c.objc; path = MovieDetailViewController.m; sourceTree = "<group>"; };
		F7C8FE5E1B306B8D0053F72D /* MovieDetailViewController.xib */ = {isa = PBXFileReference; fileEncoding = 4; lastKnownFileType = file.xib; path = MovieDetailViewController.xib; sourceTree = "<group>"; };
/* End PBXFileReference section */

/* Begin PBXFrameworksBuildPhase section */
		F7C8FDE41B2FE9C50053F72D /* Frameworks */ = {
			isa = PBXFrameworksBuildPhase;
			buildActionMask = 2147483647;
			files = (
				B1B1143C92DDEDDB6A5A910C /* libPods.a in Frameworks */,
			);
			runOnlyForDeploymentPostprocessing = 0;
		};
		F7C8FDFD1B2FE9C50053F72D /* Frameworks */ = {
			isa = PBXFrameworksBuildPhase;
			buildActionMask = 2147483647;
			files = (
			);
			runOnlyForDeploymentPostprocessing = 0;
		};
/* End PBXFrameworksBuildPhase section */

/* Begin PBXGroup section */
		776729350671470C3A8D3DC8 /* Pods */ = {
			isa = PBXGroup;
			children = (
				5ACE95A091347A226FA35340 /* Pods.debug.xcconfig */,
				059259CCEA005060B35AEBF5 /* Pods.release.xcconfig */,
			);
			name = Pods;
			sourceTree = "<group>";
		};
		810204DC9F3815CFB037CB42 /* Frameworks */ = {
			isa = PBXGroup;
			children = (
				8121861B58AFA33F2524A4C7 /* libPods.a */,
			);
			name = Frameworks;
			sourceTree = "<group>";
		};
		F71821721B31922C00A46D19 /* NavView */ = {
			isa = PBXGroup;
			children = (
				F71821731B31924800A46D19 /* NavViewController.h */,
				F71821741B31924800A46D19 /* NavViewController.m */,
				F71821751B31924800A46D19 /* NavViewController.xib */,
			);
			path = NavView;
			sourceTree = "<group>";
		};
		F7C8FDDE1B2FE9C50053F72D = {
			isa = PBXGroup;
			children = (
				F7C8FDE91B2FE9C50053F72D /* iOSTranningMobileJujutsuProgramWeek1 */,
				F7C8FE031B2FE9C50053F72D /* iOSTranningMobileJujutsuProgramWeek1Tests */,
				F7C8FDE81B2FE9C50053F72D /* Products */,
				776729350671470C3A8D3DC8 /* Pods */,
				810204DC9F3815CFB037CB42 /* Frameworks */,
			);
			sourceTree = "<group>";
		};
		F7C8FDE81B2FE9C50053F72D /* Products */ = {
			isa = PBXGroup;
			children = (
				F7C8FDE71B2FE9C50053F72D /* iOSTranningMobileJujutsuProgramWeek1.app */,
				F7C8FE001B2FE9C50053F72D /* iOSTranningMobileJujutsuProgramWeek1Tests.xctest */,
			);
			name = Products;
			sourceTree = "<group>";
		};
		F7C8FDE91B2FE9C50053F72D /* iOSTranningMobileJujutsuProgramWeek1 */ = {
			isa = PBXGroup;
			children = (
				F7C8FDEE1B2FE9C50053F72D /* AppDelegate.h */,
				F7C8FDEF1B2FE9C50053F72D /* AppDelegate.m */,
				F7C8FDF71B2FE9C50053F72D /* Images.xcassets */,
				F7C8FDF91B2FE9C50053F72D /* LaunchScreen.xib */,
				F7C8FE181B2FEE900053F72D /* Libraries */,
				F7C8FDF41B2FE9C50053F72D /* Main.storyboard */,
				F7C8FDEA1B2FE9C50053F72D /* Supporting Files */,
				F7C8FDF11B2FE9C50053F72D /* ViewController.h */,
				F7C8FDF21B2FE9C50053F72D /* ViewController.m */,
				F7C8FE1C1B2FEFC50053F72D /* Views */,
			);
			path = iOSTranningMobileJujutsuProgramWeek1;
			sourceTree = "<group>";
		};
		F7C8FDEA1B2FE9C50053F72D /* Supporting Files */ = {
			isa = PBXGroup;
			children = (
				F7C8FDEB1B2FE9C50053F72D /* Info.plist */,
				F7C8FDEC1B2FE9C50053F72D /* main.m */,
			);
			name = "Supporting Files";
			sourceTree = "<group>";
		};
		F7C8FE031B2FE9C50053F72D /* iOSTranningMobileJujutsuProgramWeek1Tests */ = {
			isa = PBXGroup;
			children = (
				F7C8FE061B2FE9C50053F72D /* iOSTranningMobileJujutsuProgramWeek1Tests.m */,
				F7C8FE041B2FE9C50053F72D /* Supporting Files */,
			);
			path = iOSTranningMobileJujutsuProgramWeek1Tests;
			sourceTree = "<group>";
		};
		F7C8FE041B2FE9C50053F72D /* Supporting Files */ = {
			isa = PBXGroup;
			children = (
				F7C8FE051B2FE9C50053F72D /* Info.plist */,
			);
			name = "Supporting Files";
			sourceTree = "<group>";
		};
		F7C8FE181B2FEE900053F72D /* Libraries */ = {
			isa = PBXGroup;
			children = (
				F7C8FE4F1B3049CF0053F72D /* Utils */,
				F7C8FE191B2FEE900053F72D /* MovieApiClient.h */,
				F7C8FE1A1B2FEE900053F72D /* MovieApiClient.m */,
				F7C8FE3C1B3039730053F72D /* Jsonmodel */,
				F7C8FE591B305B750053F72D /* MovieListDataStore.h */,
				F7C8FE5A1B305B750053F72D /* MovieListDataStore.m */,
			);
			path = Libraries;
			sourceTree = "<group>";
		};
		F7C8FE1C1B2FEFC50053F72D /* Views */ = {
			isa = PBXGroup;
			children = (
				F71821721B31922C00A46D19 /* NavView */,
				F7C8FE1D1B2FEFC50053F72D /* MovieDetail */,
				F7C8FE1E1B2FEFC50053F72D /* MovieList */,
				F7C8FE561B304A210053F72D /* BaseViewController.h */,
				F7C8FE571B304A210053F72D /* BaseViewController.m */,
			);
			path = Views;
			sourceTree = "<group>";
		};
		F7C8FE1D1B2FEFC50053F72D /* MovieDetail */ = {
			isa = PBXGroup;
			children = (
				F7C8FE5C1B306B8D0053F72D /* MovieDetailViewController.h */,
				F7C8FE5D1B306B8D0053F72D /* MovieDetailViewController.m */,
				F7C8FE5E1B306B8D0053F72D /* MovieDetailViewController.xib */,
			);
			path = MovieDetail;
			sourceTree = "<group>";
		};
		F7C8FE1E1B2FEFC50053F72D /* MovieList */ = {
			isa = PBXGroup;
			children = (
				F7C8FE1F1B2FEFC50053F72D /* MovieListViewController.h */,
				F7C8FE201B2FEFC50053F72D /* MovieListViewController.m */,
				F7C8FE211B2FEFC50053F72D /* MovieListViewController.xib */,
				F7C8FE4B1B3045220053F72D /* Cells */,
			);
			path = MovieList;
			sourceTree = "<group>";
		};
		F7C8FE3C1B3039730053F72D /* Jsonmodel */ = {
			isa = PBXGroup;
			children = (
				F7C8FE401B303E260053F72D /* AlternateIdsJSONModel.h */,
				F7C8FE411B303E260053F72D /* AlternateIdsJSONModel.m */,
				F7C8FE281B300F8A0053F72D /* MovieJSONModel.m */,
				F7C8FE301B3034740053F72D /* PostersJSONModel.h */,
				F7C8FE311B3034740053F72D /* PostersJSONModel.m */,
				F7C8FE361B3035150053F72D /* ReleaseDatesJSONModel.h */,
				F7C8FE371B3035150053F72D /* ReleaseDatesJSONModel.m */,
				F7C8FE391B3035C80053F72D /* RatingsJSONModel.h */,
				F7C8FE3A1B3035C80053F72D /* RatingsJSONModel.m */,
				F7C8FE241B300F100053F72D /* MovieListJSONModel.h */,
				F7C8FE251B300F100053F72D /* MovieListJSONModel.m */,
				F7C8FE271B300F8A0053F72D /* MovieJSONModel.h */,
				F7C8FE2A1B3010720053F72D /* LinkJSONModel.h */,
				F7C8FE2B1B3010720053F72D /* LinkJSONModel.m */,
				F7C8FE2D1B3033F50053F72D /* AbridgedCastJSONModel.h */,
				F7C8FE2E1B3033F50053F72D /* AbridgedCastJSONModel.m */,
			);
			name = Jsonmodel;
			sourceTree = "<group>";
		};
		F7C8FE4B1B3045220053F72D /* Cells */ = {
			isa = PBXGroup;
			children = (
				F7C8FE461B30451B0053F72D /* MovieListViewCell.h */,
				F7C8FE471B30451B0053F72D /* MovieListViewCell.m */,
				F7C8FE481B30451B0053F72D /* MovieListViewCell.xib */,
			);
			name = Cells;
			sourceTree = "<group>";
		};
		F7C8FE4F1B3049CF0053F72D /* Utils */ = {
			isa = PBXGroup;
			children = (
				F7C8FE501B3049CF0053F72D /* CalculatorHelper.h */,
				F7C8FE511B3049CF0053F72D /* CalculatorHelper.m */,
				F7C8FE531B3049E70053F72D /* NibSizeCalculator.h */,
				F7C8FE541B3049E70053F72D /* NibSizeCalculator.m */,
			);
			path = Utils;
			sourceTree = "<group>";
		};
/* End PBXGroup section */

/* Begin PBXNativeTarget section */
		F7C8FDE61B2FE9C50053F72D /* iOSTranningMobileJujutsuProgramWeek1 */ = {
			isa = PBXNativeTarget;
			buildConfigurationList = F7C8FE0A1B2FE9C50053F72D /* Build configuration list for PBXNativeTarget "iOSTranningMobileJujutsuProgramWeek1" */;
			buildPhases = (
				AA2B331DD171E193AB6DBFA4 /* Check Pods Manifest.lock */,
				F7C8FDE31B2FE9C50053F72D /* Sources */,
				F7C8FDE41B2FE9C50053F72D /* Frameworks */,
				F7C8FDE51B2FE9C50053F72D /* Resources */,
				AE8274268075A96102287353 /* Copy Pods Resources */,
			);
			buildRules = (
			);
			dependencies = (
			);
			name = iOSTranningMobileJujutsuProgramWeek1;
			productName = iOSTranningMobileJujutsuProgramWeek1;
			productReference = F7C8FDE71B2FE9C50053F72D /* iOSTranningMobileJujutsuProgramWeek1.app */;
			productType = "com.apple.product-type.application";
		};
		F7C8FDFF1B2FE9C50053F72D /* iOSTranningMobileJujutsuProgramWeek1Tests */ = {
			isa = PBXNativeTarget;
			buildConfigurationList = F7C8FE0D1B2FE9C50053F72D /* Build configuration list for PBXNativeTarget "iOSTranningMobileJujutsuProgramWeek1Tests" */;
			buildPhases = (
				F7C8FDFC1B2FE9C50053F72D /* Sources */,
				F7C8FDFD1B2FE9C50053F72D /* Frameworks */,
				F7C8FDFE1B2FE9C50053F72D /* Resources */,
			);
			buildRules = (
			);
			dependencies = (
				F7C8FE021B2FE9C50053F72D /* PBXTargetDependency */,
			);
			name = iOSTranningMobileJujutsuProgramWeek1Tests;
			productName = iOSTranningMobileJujutsuProgramWeek1Tests;
			productReference = F7C8FE001B2FE9C50053F72D /* iOSTranningMobileJujutsuProgramWeek1Tests.xctest */;
			productType = "com.apple.product-type.bundle.unit-test";
		};
/* End PBXNativeTarget section */

/* Begin PBXProject section */
		F7C8FDDF1B2FE9C50053F72D /* Project object */ = {
			isa = PBXProject;
			attributes = {
				LastUpgradeCheck = 0630;
				ORGANIZATIONNAME = "Anson Ng";
				TargetAttributes = {
					F7C8FDE61B2FE9C50053F72D = {
						CreatedOnToolsVersion = 6.3.1;
					};
					F7C8FDFF1B2FE9C50053F72D = {
						CreatedOnToolsVersion = 6.3.1;
						TestTargetID = F7C8FDE61B2FE9C50053F72D;
					};
				};
			};
			buildConfigurationList = F7C8FDE21B2FE9C50053F72D /* Build configuration list for PBXProject "iOSTranningMobileJujutsuProgramWeek1" */;
			compatibilityVersion = "Xcode 3.2";
			developmentRegion = English;
			hasScannedForEncodings = 0;
			knownRegions = (
				en,
				Base,
			);
			mainGroup = F7C8FDDE1B2FE9C50053F72D;
			productRefGroup = F7C8FDE81B2FE9C50053F72D /* Products */;
			projectDirPath = "";
			projectRoot = "";
			targets = (
				F7C8FDE61B2FE9C50053F72D /* iOSTranningMobileJujutsuProgramWeek1 */,
				F7C8FDFF1B2FE9C50053F72D /* iOSTranningMobileJujutsuProgramWeek1Tests */,
			);
		};
/* End PBXProject section */

/* Begin PBXResourcesBuildPhase section */
		F7C8FDE51B2FE9C50053F72D /* Resources */ = {
			isa = PBXResourcesBuildPhase;
			buildActionMask = 2147483647;
			files = (
				F7C8FE601B306B8D0053F72D /* MovieDetailViewController.xib in Resources */,
				F71821771B31924800A46D19 /* NavViewController.xib in Resources */,
				F7C8FDF61B2FE9C50053F72D /* Main.storyboard in Resources */,
				F7C8FE4A1B30451B0053F72D /* MovieListViewCell.xib in Resources */,
				F7C8FDFB1B2FE9C50053F72D /* LaunchScreen.xib in Resources */,
				F7C8FDF81B2FE9C50053F72D /* Images.xcassets in Resources */,
				F7C8FE231B2FEFC50053F72D /* MovieListViewController.xib in Resources */,
			);
			runOnlyForDeploymentPostprocessing = 0;
		};
		F7C8FDFE1B2FE9C50053F72D /* Resources */ = {
			isa = PBXResourcesBuildPhase;
			buildActionMask = 2147483647;
			files = (
			);
			runOnlyForDeploymentPostprocessing = 0;
		};
/* End PBXResourcesBuildPhase section */

/* Begin PBXShellScriptBuildPhase section */
		AA2B331DD171E193AB6DBFA4 /* Check Pods Manifest.lock */ = {
			isa = PBXShellScriptBuildPhase;
			buildActionMask = 2147483647;
			files = (
			);
			inputPaths = (
			);
			name = "Check Pods Manifest.lock";
			outputPaths = (
			);
			runOnlyForDeploymentPostprocessing = 0;
			shellPath = /bin/sh;
			shellScript = "diff \"${PODS_ROOT}/../Podfile.lock\" \"${PODS_ROOT}/Manifest.lock\" > /dev/null\nif [[ $? != 0 ]] ; then\n    cat << EOM\nerror: The sandbox is not in sync with the Podfile.lock. Run 'pod install' or update your CocoaPods installation.\nEOM\n    exit 1\nfi\n";
			showEnvVarsInLog = 0;
		};
		AE8274268075A96102287353 /* Copy Pods Resources */ = {
			isa = PBXShellScriptBuildPhase;
			buildActionMask = 2147483647;
			files = (
			);
			inputPaths = (
			);
			name = "Copy Pods Resources";
			outputPaths = (
			);
			runOnlyForDeploymentPostprocessing = 0;
			shellPath = /bin/sh;
			shellScript = "\"${SRCROOT}/Pods/Target Support Files/Pods/Pods-resources.sh\"\n";
			showEnvVarsInLog = 0;
		};
/* End PBXShellScriptBuildPhase section */

/* Begin PBXSourcesBuildPhase section */
		F7C8FDE31B2FE9C50053F72D /* Sources */ = {
			isa = PBXSourcesBuildPhase;
			buildActionMask = 2147483647;
			files = (
				F7C8FE5F1B306B8D0053F72D /* MovieDetailViewController.m in Sources */,
				F7C8FE5B1B305B750053F72D /* MovieListDataStore.m in Sources */,
				F7C8FE291B300F8A0053F72D /* MovieJSONModel.m in Sources */,
				F7C8FDF31B2FE9C50053F72D /* ViewController.m in Sources */,
				F7C8FDF01B2FE9C50053F72D /* AppDelegate.m in Sources */,
				F7C8FE421B303E260053F72D /* AlternateIdsJSONModel.m in Sources */,
				F7C8FE2C1B3010720053F72D /* LinkJSONModel.m in Sources */,
				F7C8FE491B30451B0053F72D /* MovieListViewCell.m in Sources */,
				F7C8FE521B3049CF0053F72D /* CalculatorHelper.m in Sources */,
				F7C8FE581B304A210053F72D /* BaseViewController.m in Sources */,
				F7C8FDED1B2FE9C50053F72D /* main.m in Sources */,
				F7C8FE221B2FEFC50053F72D /* MovieListViewController.m in Sources */,
				F7C8FE3B1B3035C80053F72D /* RatingsJSONModel.m in Sources */,
				F7C8FE381B3035150053F72D /* ReleaseDatesJSONModel.m in Sources */,
				F71821761B31924800A46D19 /* NavViewController.m in Sources */,
				F7C8FE261B300F100053F72D /* MovieListJSONModel.m in Sources */,
				F7C8FE551B3049E70053F72D /* NibSizeCalculator.m in Sources */,
				F7C8FE2F1B3033F50053F72D /* AbridgedCastJSONModel.m in Sources */,
				F7C8FE321B3034740053F72D /* PostersJSONModel.m in Sources */,
				F7C8FE1B1B2FEE900053F72D /* MovieApiClient.m in Sources */,
			);
			runOnlyForDeploymentPostprocessing = 0;
		};
		F7C8FDFC1B2FE9C50053F72D /* Sources */ = {
			isa = PBXSourcesBuildPhase;
			buildActionMask = 2147483647;
			files = (
				F7C8FE071B2FE9C50053F72D /* iOSTranningMobileJujutsuProgramWeek1Tests.m in Sources */,
			);
			runOnlyForDeploymentPostprocessing = 0;
		};
/* End PBXSourcesBuildPhase section */

/* Begin PBXTargetDependency section */
		F7C8FE021B2FE9C50053F72D /* PBXTargetDependency */ = {
			isa = PBXTargetDependency;
			target = F7C8FDE61B2FE9C50053F72D /* iOSTranningMobileJujutsuProgramWeek1 */;
			targetProxy = F7C8FE011B2FE9C50053F72D /* PBXContainerItemProxy */;
		};
/* End PBXTargetDependency section */

/* Begin PBXVariantGroup section */
		F7C8FDF41B2FE9C50053F72D /* Main.storyboard */ = {
			isa = PBXVariantGroup;
			children = (
				F7C8FDF51B2FE9C50053F72D /* Base */,
			);
			name = Main.storyboard;
			sourceTree = "<group>";
		};
		F7C8FDF91B2FE9C50053F72D /* LaunchScreen.xib */ = {
			isa = PBXVariantGroup;
			children = (
				F7C8FDFA1B2FE9C50053F72D /* Base */,
			);
			name = LaunchScreen.xib;
			sourceTree = "<group>";
		};
/* End PBXVariantGroup section */

/* Begin XCBuildConfiguration section */
		F7C8FE081B2FE9C50053F72D /* Debug */ = {
			isa = XCBuildConfiguration;
			buildSettings = {
				ALWAYS_SEARCH_USER_PATHS = NO;
				CLANG_CXX_LANGUAGE_STANDARD = "gnu++0x";
				CLANG_CXX_LIBRARY = "libc++";
				CLANG_ENABLE_MODULES = YES;
				CLANG_ENABLE_OBJC_ARC = YES;
				CLANG_WARN_BOOL_CONVERSION = YES;
				CLANG_WARN_CONSTANT_CONVERSION = YES;
				CLANG_WARN_DIRECT_OBJC_ISA_USAGE = YES_ERROR;
				CLANG_WARN_EMPTY_BODY = YES;
				CLANG_WARN_ENUM_CONVERSION = YES;
				CLANG_WARN_INT_CONVERSION = YES;
				CLANG_WARN_OBJC_ROOT_CLASS = YES_ERROR;
				CLANG_WARN_UNREACHABLE_CODE = YES;
				CLANG_WARN__DUPLICATE_METHOD_MATCH = YES;
				"CODE_SIGN_IDENTITY[sdk=iphoneos*]" = "iPhone Developer";
				COPY_PHASE_STRIP = NO;
				DEBUG_INFORMATION_FORMAT = "dwarf-with-dsym";
				ENABLE_STRICT_OBJC_MSGSEND = YES;
				GCC_C_LANGUAGE_STANDARD = gnu99;
				GCC_DYNAMIC_NO_PIC = NO;
				GCC_NO_COMMON_BLOCKS = YES;
				GCC_OPTIMIZATION_LEVEL = 0;
				GCC_PREPROCESSOR_DEFINITIONS = (
					"DEBUG=1",
					"$(inherited)",
				);
				GCC_SYMBOLS_PRIVATE_EXTERN = NO;
				GCC_WARN_64_TO_32_BIT_CONVERSION = YES;
				GCC_WARN_ABOUT_RETURN_TYPE = YES_ERROR;
				GCC_WARN_UNDECLARED_SELECTOR = YES;
				GCC_WARN_UNINITIALIZED_AUTOS = YES_AGGRESSIVE;
				GCC_WARN_UNUSED_FUNCTION = YES;
				GCC_WARN_UNUSED_VARIABLE = YES;
				IPHONEOS_DEPLOYMENT_TARGET = 8.3;
				MTL_ENABLE_DEBUG_INFO = YES;
				ONLY_ACTIVE_ARCH = YES;
				SDKROOT = iphoneos;
			};
			name = Debug;
		};
		F7C8FE091B2FE9C50053F72D /* Release */ = {
			isa = XCBuildConfiguration;
			buildSettings = {
				ALWAYS_SEARCH_USER_PATHS = NO;
				CLANG_CXX_LANGUAGE_STANDARD = "gnu++0x";
				CLANG_CXX_LIBRARY = "libc++";
				CLANG_ENABLE_MODULES = YES;
				CLANG_ENABLE_OBJC_ARC = YES;
				CLANG_WARN_BOOL_CONVERSION = YES;
				CLANG_WARN_CONSTANT_CONVERSION = YES;
				CLANG_WARN_DIRECT_OBJC_ISA_USAGE = YES_ERROR;
				CLANG_WARN_EMPTY_BODY = YES;
				CLANG_WARN_ENUM_CONVERSION = YES;
				CLANG_WARN_INT_CONVERSION = YES;
				CLANG_WARN_OBJC_ROOT_CLASS = YES_ERROR;
				CLANG_WARN_UNREACHABLE_CODE = YES;
				CLANG_WARN__DUPLICATE_METHOD_MATCH = YES;
				"CODE_SIGN_IDENTITY[sdk=iphoneos*]" = "iPhone Developer";
				COPY_PHASE_STRIP = NO;
				DEBUG_INFORMATION_FORMAT = "dwarf-with-dsym";
				ENABLE_NS_ASSERTIONS = NO;
				ENABLE_STRICT_OBJC_MSGSEND = YES;
				GCC_C_LANGUAGE_STANDARD = gnu99;
				GCC_NO_COMMON_BLOCKS = YES;
				GCC_WARN_64_TO_32_BIT_CONVERSION = YES;
				GCC_WARN_ABOUT_RETURN_TYPE = YES_ERROR;
				GCC_WARN_UNDECLARED_SELECTOR = YES;
				GCC_WARN_UNINITIALIZED_AUTOS = YES_AGGRESSIVE;
				GCC_WARN_UNUSED_FUNCTION = YES;
				GCC_WARN_UNUSED_VARIABLE = YES;
				IPHONEOS_DEPLOYMENT_TARGET = 8.3;
				MTL_ENABLE_DEBUG_INFO = NO;
				SDKROOT = iphoneos;
				VALIDATE_PRODUCT = YES;
			};
			name = Release;
		};
		F7C8FE0B1B2FE9C50053F72D /* Debug */ = {
			isa = XCBuildConfiguration;
			baseConfigurationReference = 5ACE95A091347A226FA35340 /* Pods.debug.xcconfig */;
			buildSettings = {
				ASSETCATALOG_COMPILER_APPICON_NAME = AppIcon;
				INFOPLIST_FILE = iOSTranningMobileJujutsuProgramWeek1/Info.plist;
				LD_RUNPATH_SEARCH_PATHS = "$(inherited) @executable_path/Frameworks";
				PRODUCT_NAME = "$(TARGET_NAME)";
			};
			name = Debug;
		};
		F7C8FE0C1B2FE9C50053F72D /* Release */ = {
			isa = XCBuildConfiguration;
			baseConfigurationReference = 059259CCEA005060B35AEBF5 /* Pods.release.xcconfig */;
			buildSettings = {
				ASSETCATALOG_COMPILER_APPICON_NAME = AppIcon;
				INFOPLIST_FILE = iOSTranningMobileJujutsuProgramWeek1/Info.plist;
				LD_RUNPATH_SEARCH_PATHS = "$(inherited) @executable_path/Frameworks";
				PRODUCT_NAME = "$(TARGET_NAME)";
			};
			name = Release;
		};
		F7C8FE0E1B2FE9C50053F72D /* Debug */ = {
			isa = XCBuildConfiguration;
			buildSettings = {
				BUNDLE_LOADER = "$(TEST_HOST)";
				FRAMEWORK_SEARCH_PATHS = (
					"$(SDKROOT)/Developer/Library/Frameworks",
					"$(inherited)",
				);
				GCC_PREPROCESSOR_DEFINITIONS = (
					"DEBUG=1",
					"$(inherited)",
				);
				INFOPLIST_FILE = iOSTranningMobileJujutsuProgramWeek1Tests/Info.plist;
				LD_RUNPATH_SEARCH_PATHS = "$(inherited) @executable_path/Frameworks @loader_path/Frameworks";
				PRODUCT_NAME = "$(TARGET_NAME)";
				TEST_HOST = "$(BUILT_PRODUCTS_DIR)/iOSTranningMobileJujutsuProgramWeek1.app/iOSTranningMobileJujutsuProgramWeek1";
			};
			name = Debug;
		};
		F7C8FE0F1B2FE9C50053F72D /* Release */ = {
			isa = XCBuildConfiguration;
			buildSettings = {
				BUNDLE_LOADER = "$(TEST_HOST)";
				FRAMEWORK_SEARCH_PATHS = (
					"$(SDKROOT)/Developer/Library/Frameworks",
					"$(inherited)",
				);
				INFOPLIST_FILE = iOSTranningMobileJujutsuProgramWeek1Tests/Info.plist;
				LD_RUNPATH_SEARCH_PATHS = "$(inherited) @executable_path/Frameworks @loader_path/Frameworks";
				PRODUCT_NAME = "$(TARGET_NAME)";
				TEST_HOST = "$(BUILT_PRODUCTS_DIR)/iOSTranningMobileJujutsuProgramWeek1.app/iOSTranningMobileJujutsuProgramWeek1";
			};
			name = Release;
		};
/* End XCBuildConfiguration section */

/* Begin XCConfigurationList section */
		F7C8FDE21B2FE9C50053F72D /* Build configuration list for PBXProject "iOSTranningMobileJujutsuProgramWeek1" */ = {
			isa = XCConfigurationList;
			buildConfigurations = (
				F7C8FE081B2FE9C50053F72D /* Debug */,
				F7C8FE091B2FE9C50053F72D /* Release */,
			);
			defaultConfigurationIsVisible = 0;
			defaultConfigurationName = Release;
		};
		F7C8FE0A1B2FE9C50053F72D /* Build configuration list for PBXNativeTarget "iOSTranningMobileJujutsuProgramWeek1" */ = {
			isa = XCConfigurationList;
			buildConfigurations = (
				F7C8FE0B1B2FE9C50053F72D /* Debug */,
				F7C8FE0C1B2FE9C50053F72D /* Release */,
			);
			defaultConfigurationIsVisible = 0;
			defaultConfigurationName = Release;
		};
		F7C8FE0D1B2FE9C50053F72D /* Build configuration list for PBXNativeTarget "iOSTranningMobileJujutsuProgramWeek1Tests" */ = {
			isa = XCConfigurationList;
			buildConfigurations = (
				F7C8FE0E1B2FE9C50053F72D /* Debug */,
				F7C8FE0F1B2FE9C50053F72D /* Release */,
			);
			defaultConfigurationIsVisible = 0;
			defaultConfigurationName = Release;
		};
/* End XCConfigurationList section */
	};
	rootObject = F7C8FDDF1B2FE9C50053F72D /* Project object */;
}
